// !$*UTF8*$!
{
	archiveVersion = 1;
	classes = {
	};
	objectVersion = 56;
	objects = {

/* Begin PBXBuildFile section */
		3A1F330E2AB878FF00F73876 /* Person.swift in Sources */ = {isa = PBXBuildFile; fileRef = 3A1F330D2AB878FF00F73876 /* Person.swift */; };
		3A1F33112AB88E2E00F73876 /* DataSource.swift in Sources */ = {isa = PBXBuildFile; fileRef = 3A1F33102AB88E2E00F73876 /* DataSource.swift */; };
		3A1F33132AB89DF000F73876 /* Data.swift in Sources */ = {isa = PBXBuildFile; fileRef = 3A1F33122AB89DF000F73876 /* Data.swift */; };
		3A26AA572AB365C800DF9870 /* AppDelegate.swift in Sources */ = {isa = PBXBuildFile; fileRef = 3A26AA562AB365C800DF9870 /* AppDelegate.swift */; };
		3A26AA592AB365C800DF9870 /* SceneDelegate.swift in Sources */ = {isa = PBXBuildFile; fileRef = 3A26AA582AB365C800DF9870 /* SceneDelegate.swift */; };
		3A26AA5E2AB365C800DF9870 /* Main.storyboard in Resources */ = {isa = PBXBuildFile; fileRef = 3A26AA5C2AB365C800DF9870 /* Main.storyboard */; };
		3A26AA602AB365C900DF9870 /* Assets.xcassets in Resources */ = {isa = PBXBuildFile; fileRef = 3A26AA5F2AB365C900DF9870 /* Assets.xcassets */; };
		3A26AA632AB365C900DF9870 /* LaunchScreen.storyboard in Resources */ = {isa = PBXBuildFile; fileRef = 3A26AA612AB365C900DF9870 /* LaunchScreen.storyboard */; };
		3A26AA6F2AB36D0D00DF9870 /* SimpleTableViewController.swift in Sources */ = {isa = PBXBuildFile; fileRef = 3A26AA6E2AB36D0D00DF9870 /* SimpleTableViewController.swift */; };
		3A26AA712AB36D2C00DF9870 /* SectionTableViewController.swift in Sources */ = {isa = PBXBuildFile; fileRef = 3A26AA702AB36D2C00DF9870 /* SectionTableViewController.swift */; };
		3AD5AE062AB96E3E00E4A4F8 /* DetailsViewController.swift in Sources */ = {isa = PBXBuildFile; fileRef = 3AD5AE052AB96E3E00E4A4F8 /* DetailsViewController.swift */; };
/* End PBXBuildFile section */

/* Begin PBXFileReference section */
		3A1F330D2AB878FF00F73876 /* Person.swift */ = {isa = PBXFileReference; lastKnownFileType = sourcecode.swift; path = Person.swift; sourceTree = "<group>"; };
		3A1F33102AB88E2E00F73876 /* DataSource.swift */ = {isa = PBXFileReference; lastKnownFileType = sourcecode.swift; path = DataSource.swift; sourceTree = "<group>"; };
		3A1F33122AB89DF000F73876 /* Data.swift */ = {isa = PBXFileReference; lastKnownFileType = sourcecode.swift; path = Data.swift; sourceTree = "<group>"; };
		3A26AA532AB365C800DF9870 /* ContactList.app */ = {isa = PBXFileReference; explicitFileType = wrapper.application; includeInIndex = 0; path = ContactList.app; sourceTree = BUILT_PRODUCTS_DIR; };
		3A26AA562AB365C800DF9870 /* AppDelegate.swift */ = {isa = PBXFileReference; lastKnownFileType = sourcecode.swift; path = AppDelegate.swift; sourceTree = "<group>"; };
		3A26AA582AB365C800DF9870 /* SceneDelegate.swift */ = {isa = PBXFileReference; lastKnownFileType = sourcecode.swift; path = SceneDelegate.swift; sourceTree = "<group>"; };
		3A26AA5D2AB365C800DF9870 /* Base */ = {isa = PBXFileReference; lastKnownFileType = file.storyboard; name = Base; path = Base.lproj/Main.storyboard; sourceTree = "<group>"; };
		3A26AA5F2AB365C900DF9870 /* Assets.xcassets */ = {isa = PBXFileReference; lastKnownFileType = folder.assetcatalog; path = Assets.xcassets; sourceTree = "<group>"; };
		3A26AA622AB365C900DF9870 /* Base */ = {isa = PBXFileReference; lastKnownFileType = file.storyboard; name = Base; path = Base.lproj/LaunchScreen.storyboard; sourceTree = "<group>"; };
		3A26AA642AB365C900DF9870 /* Info.plist */ = {isa = PBXFileReference; lastKnownFileType = text.plist.xml; path = Info.plist; sourceTree = "<group>"; };
		3A26AA6E2AB36D0D00DF9870 /* SimpleTableViewController.swift */ = {isa = PBXFileReference; lastKnownFileType = sourcecode.swift; path = SimpleTableViewController.swift; sourceTree = "<group>"; };
		3A26AA702AB36D2C00DF9870 /* SectionTableViewController.swift */ = {isa = PBXFileReference; lastKnownFileType = sourcecode.swift; path = SectionTableViewController.swift; sourceTree = "<group>"; };
		3AD5AE052AB96E3E00E4A4F8 /* DetailsViewController.swift */ = {isa = PBXFileReference; lastKnownFileType = sourcecode.swift; path = DetailsViewController.swift; sourceTree = "<group>"; };
/* End PBXFileReference section */

/* Begin PBXFrameworksBuildPhase section */
		3A26AA502AB365C800DF9870 /* Frameworks */ = {
			isa = PBXFrameworksBuildPhase;
			buildActionMask = 2147483647;
			files = (
			);
			runOnlyForDeploymentPostprocessing = 0;
		};
/* End PBXFrameworksBuildPhase section */

/* Begin PBXGroup section */
		3A1F330F2AB88DE100F73876 /* DataServices */ = {
			isa = PBXGroup;
			children = (
				3A1F33102AB88E2E00F73876 /* DataSource.swift */,
			);
			path = DataServices;
			sourceTree = "<group>";
		};
		3A26AA4A2AB365C800DF9870 = {
			isa = PBXGroup;
			children = (
				3A26AA552AB365C800DF9870 /* ContactList */,
				3A26AA542AB365C800DF9870 /* Products */,
			);
			sourceTree = "<group>";
		};
		3A26AA542AB365C800DF9870 /* Products */ = {
			isa = PBXGroup;
			children = (
				3A26AA532AB365C800DF9870 /* ContactList.app */,
			);
			name = Products;
			sourceTree = "<group>";
		};
		3A26AA552AB365C800DF9870 /* ContactList */ = {
			isa = PBXGroup;
			children = (
				3A1F330F2AB88DE100F73876 /* DataServices */,
				3A26AA6D2AB36BD900DF9870 /* SupportFiles */,
				3A26AA6C2AB366DE00DF9870 /* Controllers */,
				3A26AA6B2AB366CD00DF9870 /* Models */,
				3A26AA6A2AB366C500DF9870 /* Views */,
				3A26AA642AB365C900DF9870 /* Info.plist */,
			);
			path = ContactList;
			sourceTree = "<group>";
		};
		3A26AA6A2AB366C500DF9870 /* Views */ = {
			isa = PBXGroup;
			children = (
				3A26AA612AB365C900DF9870 /* LaunchScreen.storyboard */,
				3A26AA5C2AB365C800DF9870 /* Main.storyboard */,
			);
			path = Views;
			sourceTree = "<group>";
		};
		3A26AA6B2AB366CD00DF9870 /* Models */ = {
			isa = PBXGroup;
			children = (
				3A1F330D2AB878FF00F73876 /* Person.swift */,
				3A1F33122AB89DF000F73876 /* Data.swift */,
			);
			path = Models;
			sourceTree = "<group>";
		};
		3A26AA6C2AB366DE00DF9870 /* Controllers */ = {
			isa = PBXGroup;
			children = (
				3A26AA6E2AB36D0D00DF9870 /* SimpleTableViewController.swift */,
				3A26AA702AB36D2C00DF9870 /* SectionTableViewController.swift */,
				3AD5AE052AB96E3E00E4A4F8 /* DetailsViewController.swift */,
			);
			path = Controllers;
			sourceTree = "<group>";
		};
		3A26AA6D2AB36BD900DF9870 /* SupportFiles */ = {
			isa = PBXGroup;
			children = (
				3A26AA562AB365C800DF9870 /* AppDelegate.swift */,
				3A26AA582AB365C800DF9870 /* SceneDelegate.swift */,
				3A26AA5F2AB365C900DF9870 /* Assets.xcassets */,
			);
			path = SupportFiles;
			sourceTree = "<group>";
		};
/* End PBXGroup section */

/* Begin PBXNativeTarget section */
		3A26AA522AB365C800DF9870 /* ContactList */ = {
			isa = PBXNativeTarget;
			buildConfigurationList = 3A26AA672AB365C900DF9870 /* Build configuration list for PBXNativeTarget "ContactList" */;
			buildPhases = (
				3A26AA4F2AB365C800DF9870 /* Sources */,
				3A26AA502AB365C800DF9870 /* Frameworks */,
				3A26AA512AB365C800DF9870 /* Resources */,
			);
			buildRules = (
			);
			dependencies = (
			);
			name = ContactList;
			productName = ContactList;
			productReference = 3A26AA532AB365C800DF9870 /* ContactList.app */;
			productType = "com.apple.product-type.application";
		};
/* End PBXNativeTarget section */

/* Begin PBXProject section */
		3A26AA4B2AB365C800DF9870 /* Project object */ = {
			isa = PBXProject;
			attributes = {
				BuildIndependentTargetsInParallel = 1;
				LastSwiftUpdateCheck = 1430;
				LastUpgradeCheck = 1430;
				TargetAttributes = {
					3A26AA522AB365C800DF9870 = {
						CreatedOnToolsVersion = 14.3.1;
					};
				};
			};
			buildConfigurationList = 3A26AA4E2AB365C800DF9870 /* Build configuration list for PBXProject "ContactList" */;
			compatibilityVersion = "Xcode 14.0";
			developmentRegion = en;
			hasScannedForEncodings = 0;
			knownRegions = (
				en,
				Base,
			);
			mainGroup = 3A26AA4A2AB365C800DF9870;
			productRefGroup = 3A26AA542AB365C800DF9870 /* Products */;
			projectDirPath = "";
			projectRoot = "";
			targets = (
				3A26AA522AB365C800DF9870 /* ContactList */,
			);
		};
/* End PBXProject section */

/* Begin PBXResourcesBuildPhase section */
		3A26AA512AB365C800DF9870 /* Resources */ = {
			isa = PBXResourcesBuildPhase;
			buildActionMask = 2147483647;
			files = (
				3A26AA632AB365C900DF9870 /* LaunchScreen.storyboard in Resources */,
				3A26AA602AB365C900DF9870 /* Assets.xcassets in Resources */,
				3A26AA5E2AB365C800DF9870 /* Main.storyboard in Resources */,
			);
			runOnlyForDeploymentPostprocessing = 0;
		};
/* End PBXResourcesBuildPhase section */

/* Begin PBXSourcesBuildPhase section */
		3A26AA4F2AB365C800DF9870 /* Sources */ = {
			isa = PBXSourcesBuildPhase;
			buildActionMask = 2147483647;
			files = (
				3A1F33132AB89DF000F73876 /* Data.swift in Sources */,
				3A1F33112AB88E2E00F73876 /* DataSource.swift in Sources */,
				3A1F330E2AB878FF00F73876 /* Person.swift in Sources */,
				3AD5AE062AB96E3E00E4A4F8 /* DetailsViewController.swift in Sources */,
				3A26AA572AB365C800DF9870 /* AppDelegate.swift in Sources */,
				3A26AA592AB365C800DF9870 /* SceneDelegate.swift in Sources */,
				3A26AA6F2AB36D0D00DF9870 /* SimpleTableViewController.swift in Sources */,
				3A26AA712AB36D2C00DF9870 /* SectionTableViewController.swift in Sources */,
			);
			runOnlyForDeploymentPostprocessing = 0;
		};
/* End PBXSourcesBuildPhase section */

/* Begin PBXVariantGroup section */
		3A26AA5C2AB365C800DF9870 /* Main.storyboard */ = {
			isa = PBXVariantGroup;
			children = (
				3A26AA5D2AB365C800DF9870 /* Base */,
			);
			name = Main.storyboard;
			sourceTree = "<group>";
		};
		3A26AA612AB365C900DF9870 /* LaunchScreen.storyboard */ = {
			isa = PBXVariantGroup;
			children = (
				3A26AA622AB365C900DF9870 /* Base */,
			);
			name = LaunchScreen.storyboard;
			sourceTree = "<group>";
		};
/* End PBXVariantGroup section */

/* Begin XCBuildConfiguration section */
		3A26AA652AB365C900DF9870 /* Debug */ = {
			isa = XCBuildConfiguration;
			buildSettings = {
				ALWAYS_SEARCH_USER_PATHS = NO;
				CLANG_ANALYZER_NONNULL = YES;
				CLANG_ANALYZER_NUMBER_OBJECT_CONVERSION = YES_AGGRESSIVE;
				CLANG_CXX_LANGUAGE_STANDARD = "gnu++20";
				CLANG_ENABLE_MODULES = YES;
				CLANG_ENABLE_OBJC_ARC = YES;
				CLANG_ENABLE_OBJC_WEAK = YES;
				CLANG_WARN_BLOCK_CAPTURE_AUTORELEASING = YES;
				CLANG_WARN_BOOL_CONVERSION = YES;
				CLANG_WARN_COMMA = YES;
				CLANG_WARN_CONSTANT_CONVERSION = YES;
				CLANG_WARN_DEPRECATED_OBJC_IMPLEMENTATIONS = YES;
				CLANG_WARN_DIRECT_OBJC_ISA_USAGE = YES_ERROR;
				CLANG_WARN_DOCUMENTATION_COMMENTS = YES;
				CLANG_WARN_EMPTY_BODY = YES;
				CLANG_WARN_ENUM_CONVERSION = YES;
				CLANG_WARN_INFINITE_RECURSION = YES;
				CLANG_WARN_INT_CONVERSION = YES;
				CLANG_WARN_NON_LITERAL_NULL_CONVERSION = YES;
				CLANG_WARN_OBJC_IMPLICIT_RETAIN_SELF = YES;
				CLANG_WARN_OBJC_LITERAL_CONVERSION = YES;
				CLANG_WARN_OBJC_ROOT_CLASS = YES_ERROR;
				CLANG_WARN_QUOTED_INCLUDE_IN_FRAMEWORK_HEADER = YES;
				CLANG_WARN_RANGE_LOOP_ANALYSIS = YES;
				CLANG_WARN_STRICT_PROTOTYPES = YES;
				CLANG_WARN_SUSPICIOUS_MOVE = YES;
				CLANG_WARN_UNGUARDED_AVAILABILITY = YES_AGGRESSIVE;
				CLANG_WARN_UNREACHABLE_CODE = YES;
				CLANG_WARN__DUPLICATE_METHOD_MATCH = YES;
				COPY_PHASE_STRIP = NO;
				DEBUG_INFORMATION_FORMAT = dwarf;
				ENABLE_STRICT_OBJC_MSGSEND = YES;
				ENABLE_TESTABILITY = YES;
				GCC_C_LANGUAGE_STANDARD = gnu11;
				GCC_DYNAMIC_NO_PIC = NO;
				GCC_NO_COMMON_BLOCKS = YES;
				GCC_OPTIMIZATION_LEVEL = 0;
				GCC_PREPROCESSOR_DEFINITIONS = (
					"DEBUG=1",
					"$(inherited)",
				);
				GCC_WARN_64_TO_32_BIT_CONVERSION = YES;
				GCC_WARN_ABOUT_RETURN_TYPE = YES_ERROR;
				GCC_WARN_UNDECLARED_SELECTOR = YES;
				GCC_WARN_UNINITIALIZED_AUTOS = YES_AGGRESSIVE;
				GCC_WARN_UNUSED_FUNCTION = YES;
				GCC_WARN_UNUSED_VARIABLE = YES;
				IPHONEOS_DEPLOYMENT_TARGET = 15.0;
				MTL_ENABLE_DEBUG_INFO = INCLUDE_SOURCE;
				MTL_FAST_MATH = YES;
				ONLY_ACTIVE_ARCH = YES;
				SDKROOT = iphoneos;
				SWIFT_ACTIVE_COMPILATION_CONDITIONS = DEBUG;
				SWIFT_OPTIMIZATION_LEVEL = "-Onone";
			};
			name = Debug;
		};
		3A26AA662AB365C900DF9870 /* Release */ = {
			isa = XCBuildConfiguration;
			buildSettings = {
				ALWAYS_SEARCH_USER_PATHS = NO;
				CLANG_ANALYZER_NONNULL = YES;
				CLANG_ANALYZER_NUMBER_OBJECT_CONVERSION = YES_AGGRESSIVE;
				CLANG_CXX_LANGUAGE_STANDARD = "gnu++20";
				CLANG_ENABLE_MODULES = YES;
				CLANG_ENABLE_OBJC_ARC = YES;
				CLANG_ENABLE_OBJC_WEAK = YES;
				CLANG_WARN_BLOCK_CAPTURE_AUTORELEASING = YES;
				CLANG_WARN_BOOL_CONVERSION = YES;
				CLANG_WARN_COMMA = YES;
				CLANG_WARN_CONSTANT_CONVERSION = YES;
				CLANG_WARN_DEPRECATED_OBJC_IMPLEMENTATIONS = YES;
				CLANG_WARN_DIRECT_OBJC_ISA_USAGE = YES_ERROR;
				CLANG_WARN_DOCUMENTATION_COMMENTS = YES;
				CLANG_WARN_EMPTY_BODY = YES;
				CLANG_WARN_ENUM_CONVERSION = YES;
				CLANG_WARN_INFINITE_RECURSION = YES;
				CLANG_WARN_INT_CONVERSION = YES;
				CLANG_WARN_NON_LITERAL_NULL_CONVERSION = YES;
				CLANG_WARN_OBJC_IMPLICIT_RETAIN_SELF = YES;
				CLANG_WARN_OBJC_LITERAL_CONVERSION = YES;
				CLANG_WARN_OBJC_ROOT_CLASS = YES_ERROR;
				CLANG_WARN_QUOTED_INCLUDE_IN_FRAMEWORK_HEADER = YES;
				CLANG_WARN_RANGE_LOOP_ANALYSIS = YES;
				CLANG_WARN_STRICT_PROTOTYPES = YES;
				CLANG_WARN_SUSPICIOUS_MOVE = YES;
				CLANG_WARN_UNGUARDED_AVAILABILITY = YES_AGGRESSIVE;
				CLANG_WARN_UNREACHABLE_CODE = YES;
				CLANG_WARN__DUPLICATE_METHOD_MATCH = YES;
				COPY_PHASE_STRIP = NO;
				DEBUG_INFORMATION_FORMAT = "dwarf-with-dsym";
				ENABLE_NS_ASSERTIONS = NO;
				ENABLE_STRICT_OBJC_MSGSEND = YES;
				GCC_C_LANGUAGE_STANDARD = gnu11;
				GCC_NO_COMMON_BLOCKS = YES;
				GCC_WARN_64_TO_32_BIT_CONVERSION = YES;
				GCC_WARN_ABOUT_RETURN_TYPE = YES_ERROR;
				GCC_WARN_UNDECLARED_SELECTOR = YES;
				GCC_WARN_UNINITIALIZED_AUTOS = YES_AGGRESSIVE;
				GCC_WARN_UNUSED_FUNCTION = YES;
				GCC_WARN_UNUSED_VARIABLE = YES;
				IPHONEOS_DEPLOYMENT_TARGET = 15.0;
				MTL_ENABLE_DEBUG_INFO = NO;
				MTL_FAST_MATH = YES;
				SDKROOT = iphoneos;
				SWIFT_COMPILATION_MODE = wholemodule;
				SWIFT_OPTIMIZATION_LEVEL = "-O";
				VALIDATE_PRODUCT = YES;
			};
			name = Release;
		};
		3A26AA682AB365C900DF9870 /* Debug */ = {
			isa = XCBuildConfiguration;
			buildSettings = {
				ASSETCATALOG_COMPILER_APPICON_NAME = AppIcon;
				ASSETCATALOG_COMPILER_GLOBAL_ACCENT_COLOR_NAME = AccentColor;
				CODE_SIGN_STYLE = Automatic;
				CURRENT_PROJECT_VERSION = 1;
				DEVELOPMENT_TEAM = XMRMHLG4UV;
				GENERATE_INFOPLIST_FILE = YES;
				INFOPLIST_FILE = ContactList/Info.plist;
				INFOPLIST_KEY_UIApplicationSupportsIndirectInputEvents = YES;
				INFOPLIST_KEY_UILaunchStoryboardName = LaunchScreen;
				INFOPLIST_KEY_UIMainStoryboardFile = Main;
				INFOPLIST_KEY_UISupportedInterfaceOrientations_iPad = "UIInterfaceOrientationPortrait UIInterfaceOrientationPortraitUpsideDown UIInterfaceOrientationLandscapeLeft UIInterfaceOrientationLandscapeRight";
				INFOPLIST_KEY_UISupportedInterfaceOrientations_iPhone = "UIInterfaceOrientationPortrait UIInterfaceOrientationLandscapeLeft UIInterfaceOrientationLandscapeRight";
				LD_RUNPATH_SEARCH_PATHS = (
					"$(inherited)",
					"@executable_path/Frameworks",
				);
				MARKETING_VERSION = 1.0;
				PRODUCT_BUNDLE_IDENTIFIER = com.sergeyruppel.ContactList;
				PRODUCT_NAME = "$(TARGET_NAME)";
				SWIFT_EMIT_LOC_STRINGS = YES;
				SWIFT_VERSION = 5.0;
				TARGETED_DEVICE_FAMILY = "1,2";
			};
			name = Debug;
		};
		3A26AA692AB365C900DF9870 /* Release */ = {
			isa = XCBuildConfiguration;
			buildSettings = {
				ASSETCATALOG_COMPILER_APPICON_NAME = AppIcon;
				ASSETCATALOG_COMPILER_GLOBAL_ACCENT_COLOR_NAME = AccentColor;
				CODE_SIGN_STYLE = Automatic;
				CURRENT_PROJECT_VERSION = 1;
				DEVELOPMENT_TEAM = XMRMHLG4UV;
				GENERATE_INFOPLIST_FILE = YES;
				INFOPLIST_FILE = ContactList/Info.plist;
				INFOPLIST_KEY_UIApplicationSupportsIndirectInputEvents = YES;
				INFOPLIST_KEY_UILaunchStoryboardName = LaunchScreen;
				INFOPLIST_KEY_UIMainStoryboardFile = Main;
				INFOPLIST_KEY_UISupportedInterfaceOrientations_iPad = "UIInterfaceOrientationPortrait UIInterfaceOrientationPortraitUpsideDown UIInterfaceOrientationLandscapeLeft UIInterfaceOrientationLandscapeRight";
				INFOPLIST_KEY_UISupportedInterfaceOrientations_iPhone = "UIInterfaceOrientationPortrait UIInterfaceOrientationLandscapeLeft UIInterfaceOrientationLandscapeRight";
				LD_RUNPATH_SEARCH_PATHS = (
					"$(inherited)",
					"@executable_path/Frameworks",
				);
				MARKETING_VERSION = 1.0;
				PRODUCT_BUNDLE_IDENTIFIER = com.sergeyruppel.ContactList;
				PRODUCT_NAME = "$(TARGET_NAME)";
				SWIFT_EMIT_LOC_STRINGS = YES;
				SWIFT_VERSION = 5.0;
				TARGETED_DEVICE_FAMILY = "1,2";
			};
			name = Release;
		};
/* End XCBuildConfiguration section */

/* Begin XCConfigurationList section */
		3A26AA4E2AB365C800DF9870 /* Build configuration list for PBXProject "ContactList" */ = {
			isa = XCConfigurationList;
			buildConfigurations = (
				3A26AA652AB365C900DF9870 /* Debug */,
				3A26AA662AB365C900DF9870 /* Release */,
			);
			defaultConfigurationIsVisible = 0;
			defaultConfigurationName = Release;
		};
		3A26AA672AB365C900DF9870 /* Build configuration list for PBXNativeTarget "ContactList" */ = {
			isa = XCConfigurationList;
			buildConfigurations = (
				3A26AA682AB365C900DF9870 /* Debug */,
				3A26AA692AB365C900DF9870 /* Release */,
			);
			defaultConfigurationIsVisible = 0;
			defaultConfigurationName = Release;
		};
/* End XCConfigurationList section */
	};
	rootObject = 3A26AA4B2AB365C800DF9870 /* Project object */;
}
